// !$*UTF8*$!
{
	archiveVersion = 1;
	classes = {
	};
	objectVersion = 46;
	objects = {

/* Begin PBXBuildFile section */
		8A00D70D17D9ABDD003DC60C /* GBResizeFilter.m in Sources */ = {isa = PBXBuildFile; fileRef = 8A00D70C17D9ABDD003DC60C /* GBResizeFilter.m */; };
		8A17BB0C18C72962008DFB48 /* TapToFocusView.h in Headers */ = {isa = PBXBuildFile; fileRef = 8A17BB0A18C72962008DFB48 /* TapToFocusView.h */; };
		8A17BB0D18C72962008DFB48 /* TapToFocusView.m in Sources */ = {isa = PBXBuildFile; fileRef = 8A17BB0B18C72962008DFB48 /* TapToFocusView.m */; };
		8A20018317CFAD1C0046E265 /* Foundation.framework in Frameworks */ = {isa = PBXBuildFile; fileRef = 8A20018217CFAD1B0046E265 /* Foundation.framework */; };
		8A20018817CFAD1C0046E265 /* GBFancyCamera.h in CopyFiles */ = {isa = PBXBuildFile; fileRef = 8A20018717CFAD1C0046E265 /* GBFancyCamera.h */; };
		8A20018A17CFAD1C0046E265 /* GBFancyCamera.m in Sources */ = {isa = PBXBuildFile; fileRef = 8A20018917CFAD1C0046E265 /* GBFancyCamera.m */; };
		8A2001F117CFB09B0046E265 /* CoreMedia.framework in Frameworks */ = {isa = PBXBuildFile; fileRef = 8A2001F017CFB09B0046E265 /* CoreMedia.framework */; };
		8A2001F317CFB0A30046E265 /* CoreVideo.framework in Frameworks */ = {isa = PBXBuildFile; fileRef = 8A2001F217CFB0A30046E265 /* CoreVideo.framework */; };
		8A2001F517CFB0A80046E265 /* OpenGLES.framework in Frameworks */ = {isa = PBXBuildFile; fileRef = 8A2001F417CFB0A80046E265 /* OpenGLES.framework */; };
		8A2001F717CFB0B00046E265 /* AVFoundation.framework in Frameworks */ = {isa = PBXBuildFile; fileRef = 8A2001F617CFB0B00046E265 /* AVFoundation.framework */; };
		8A2001F917CFB0B50046E265 /* QuartzCore.framework in Frameworks */ = {isa = PBXBuildFile; fileRef = 8A2001F817CFB0B50046E265 /* QuartzCore.framework */; };
		8A4BDFAD17FB121A00089030 /* GBFancyCameraLocalizations.strings in Resources */ = {isa = PBXBuildFile; fileRef = 8A4BDFAF17FB121A00089030 /* GBFancyCameraLocalizations.strings */; };
		8A72428517D9DFCA00071E46 /* GBMissEtikateFilter.m in Sources */ = {isa = PBXBuildFile; fileRef = 8A72428417D9DFCA00071E46 /* GBMissEtikateFilter.m */; };
		8A72428817D9E02500071E46 /* GBAmatorkaFilter.m in Sources */ = {isa = PBXBuildFile; fileRef = 8A72428717D9E02500071E46 /* GBAmatorkaFilter.m */; };
		8A7242F417D9FA2F00071E46 /* GBSepiaFilter.m in Sources */ = {isa = PBXBuildFile; fileRef = 8A7242F317D9FA2F00071E46 /* GBSepiaFilter.m */; };
		8A7242FC17DA002A00071E46 /* GBNoFilter.m in Sources */ = {isa = PBXBuildFile; fileRef = 8A7242FB17DA002A00071E46 /* GBNoFilter.m */; };
		8A72436517DA3F3D00071E46 /* UIImage+GBFancyCamera.m in Sources */ = {isa = PBXBuildFile; fileRef = 8A72436417DA3F3D00071E46 /* UIImage+GBFancyCamera.m */; };
		8AD1F8D9180E69FB00E1029C /* fancy-camera-bar-button-icon-camera-roll.png in Resources */ = {isa = PBXBuildFile; fileRef = 8AD1F8C5180E69FB00E1029C /* fancy-camera-bar-button-icon-camera-roll.png */; };
		8AD1F8DA180E69FB00E1029C /* fancy-camera-bar-button-icon-camera-roll@2x.png in Resources */ = {isa = PBXBuildFile; fileRef = 8AD1F8C6180E69FB00E1029C /* fancy-camera-bar-button-icon-camera-roll@2x.png */; };
		8AD1F8DB180E69FB00E1029C /* fancy-camera-bar-button-icon-cancel.png in Resources */ = {isa = PBXBuildFile; fileRef = 8AD1F8C7180E69FB00E1029C /* fancy-camera-bar-button-icon-cancel.png */; };
		8AD1F8DC180E69FB00E1029C /* fancy-camera-bar-button-icon-cancel@2x.png in Resources */ = {isa = PBXBuildFile; fileRef = 8AD1F8C8180E69FB00E1029C /* fancy-camera-bar-button-icon-cancel@2x.png */; };
		8AD1F8DD180E69FB00E1029C /* fancy-camera-bar-button-icon-retake.png in Resources */ = {isa = PBXBuildFile; fileRef = 8AD1F8C9180E69FB00E1029C /* fancy-camera-bar-button-icon-retake.png */; };
		8AD1F8DE180E69FB00E1029C /* fancy-camera-bar-button-icon-retake@2x.png in Resources */ = {isa = PBXBuildFile; fileRef = 8AD1F8CA180E69FB00E1029C /* fancy-camera-bar-button-icon-retake@2x.png */; };
		8AD1F8DF180E69FB00E1029C /* fancy-camera-bar.png in Resources */ = {isa = PBXBuildFile; fileRef = 8AD1F8CB180E69FB00E1029C /* fancy-camera-bar.png */; };
		8AD1F8E0180E69FB00E1029C /* fancy-camera-bar@2x.png in Resources */ = {isa = PBXBuildFile; fileRef = 8AD1F8CC180E69FB00E1029C /* fancy-camera-bar@2x.png */; };
		8AD1F8E1180E69FB00E1029C /* fancy-camera-filter-background-off.png in Resources */ = {isa = PBXBuildFile; fileRef = 8AD1F8CD180E69FB00E1029C /* fancy-camera-filter-background-off.png */; };
		8AD1F8E2180E69FB00E1029C /* fancy-camera-filter-background-off@2x.png in Resources */ = {isa = PBXBuildFile; fileRef = 8AD1F8CE180E69FB00E1029C /* fancy-camera-filter-background-off@2x.png */; };
		8AD1F8E3180E69FB00E1029C /* fancy-camera-filter-background-on.png in Resources */ = {isa = PBXBuildFile; fileRef = 8AD1F8CF180E69FB00E1029C /* fancy-camera-filter-background-on.png */; };
		8AD1F8E4180E69FB00E1029C /* fancy-camera-filter-background-on@2x.png in Resources */ = {isa = PBXBuildFile; fileRef = 8AD1F8D0180E69FB00E1029C /* fancy-camera-filter-background-on@2x.png */; };
		8AD1F8E5180E69FB00E1029C /* fancy-camera-mesh-bar.png in Resources */ = {isa = PBXBuildFile; fileRef = 8AD1F8D1180E69FB00E1029C /* fancy-camera-mesh-bar.png */; };
		8AD1F8E6180E69FB00E1029C /* fancy-camera-mesh-bar@2x.png in Resources */ = {isa = PBXBuildFile; fileRef = 8AD1F8D2180E69FB00E1029C /* fancy-camera-mesh-bar@2x.png */; };
		8AD1F8E7180E69FB00E1029C /* fancy-camera-snap-button-icon-camera.png in Resources */ = {isa = PBXBuildFile; fileRef = 8AD1F8D3180E69FB00E1029C /* fancy-camera-snap-button-icon-camera.png */; };
		8AD1F8E8180E69FB00E1029C /* fancy-camera-snap-button-icon-camera@2x.png in Resources */ = {isa = PBXBuildFile; fileRef = 8AD1F8D4180E69FB00E1029C /* fancy-camera-snap-button-icon-camera@2x.png */; };
		8AD1F8E9180E69FB00E1029C /* fancy-camera-snap-button-icon-tick.png in Resources */ = {isa = PBXBuildFile; fileRef = 8AD1F8D5180E69FB00E1029C /* fancy-camera-snap-button-icon-tick.png */; };
		8AD1F8EA180E69FB00E1029C /* fancy-camera-snap-button-icon-tick@2x.png in Resources */ = {isa = PBXBuildFile; fileRef = 8AD1F8D6180E69FB00E1029C /* fancy-camera-snap-button-icon-tick@2x.png */; };
		8AD1F8EB180E69FB00E1029C /* fancy-camera-snap-button.png in Resources */ = {isa = PBXBuildFile; fileRef = 8AD1F8D7180E69FB00E1029C /* fancy-camera-snap-button.png */; };
		8AD1F8EC180E69FB00E1029C /* fancy-camera-snap-button@2x.png in Resources */ = {isa = PBXBuildFile; fileRef = 8AD1F8D8180E69FB00E1029C /* fancy-camera-snap-button@2x.png */; };
		8AD1F8F3180E6A0B00E1029C /* lookup_amatorka.png in Resources */ = {isa = PBXBuildFile; fileRef = 8AD1F8EF180E6A0B00E1029C /* lookup_amatorka.png */; };
		8AD1F8F4180E6A0B00E1029C /* lookup_miss_etikate.png in Resources */ = {isa = PBXBuildFile; fileRef = 8AD1F8F0180E6A0B00E1029C /* lookup_miss_etikate.png */; };
		8AD1F8F5180E6A0B00E1029C /* lookup_soft_elegance_1.png in Resources */ = {isa = PBXBuildFile; fileRef = 8AD1F8F1180E6A0B00E1029C /* lookup_soft_elegance_1.png */; };
		8AD1F8F6180E6A0B00E1029C /* lookup_soft_elegance_2.png in Resources */ = {isa = PBXBuildFile; fileRef = 8AD1F8F2180E6A0B00E1029C /* lookup_soft_elegance_2.png */; };
		8AF64F4717DC7CF400E6134F /* MobileCoreServices.framework in Frameworks */ = {isa = PBXBuildFile; fileRef = 8AF64F4617DC7CF400E6134F /* MobileCoreServices.framework */; };
		8AF64F7E17DCAAEB00E6134F /* CoreFoundation.framework in Frameworks */ = {isa = PBXBuildFile; fileRef = 8AF64F7D17DCAAEB00E6134F /* CoreFoundation.framework */; };
		8AF650FA17DCB56F00E6134F /* GBSoftEleganceFilter.m in Sources */ = {isa = PBXBuildFile; fileRef = 8AF650F917DCB56E00E6134F /* GBSoftEleganceFilter.m */; };
/* End PBXBuildFile section */

/* Begin PBXContainerItemProxy section */
		8A20019617CFAD5F0046E265 /* PBXContainerItemProxy */ = {
			isa = PBXContainerItemProxy;
			containerPortal = 8A20019017CFAD5F0046E265 /* GPUImage.xcodeproj */;
			proxyType = 2;
			remoteGlobalIDString = BCF1A33414DDB1EC00852800;
			remoteInfo = GPUImage;
		};
		8A20019817CFAD5F0046E265 /* PBXContainerItemProxy */ = {
			isa = PBXContainerItemProxy;
			containerPortal = 8A20019017CFAD5F0046E265 /* GPUImage.xcodeproj */;
			proxyType = 2;
			remoteGlobalIDString = BCF1A34414DDB1EC00852800;
			remoteInfo = GPUImageTests;
		};
		8A20019C17CFAD7E0046E265 /* PBXContainerItemProxy */ = {
			isa = PBXContainerItemProxy;
			containerPortal = 8A20019017CFAD5F0046E265 /* GPUImage.xcodeproj */;
			proxyType = 1;
			remoteGlobalIDString = BCF1A33314DDB1EC00852800;
			remoteInfo = GPUImage;
		};
		8A23F360180D413F00378A99 /* PBXContainerItemProxy */ = {
			isa = PBXContainerItemProxy;
			containerPortal = 8A6E409D17DDECF900FA86B9 /* GBMotion.xcodeproj */;
			proxyType = 1;
			remoteGlobalIDString = 8A6E408817DDEC4900FA86B9;
			remoteInfo = GBMotion;
		};
		8A6E40A117DDECF900FA86B9 /* PBXContainerItemProxy */ = {
			isa = PBXContainerItemProxy;
			containerPortal = 8A6E409D17DDECF900FA86B9 /* GBMotion.xcodeproj */;
			proxyType = 2;
			remoteGlobalIDString = 8A6E408917DDEC4900FA86B9;
			remoteInfo = GBMotion;
		};
/* End PBXContainerItemProxy section */

/* Begin PBXCopyFilesBuildPhase section */
		8A20017D17CFAD1B0046E265 /* CopyFiles */ = {
			isa = PBXCopyFilesBuildPhase;
			buildActionMask = 2147483647;
			dstPath = "include/${PRODUCT_NAME}";
			dstSubfolderSpec = 16;
			files = (
				8A20018817CFAD1C0046E265 /* GBFancyCamera.h in CopyFiles */,
			);
			runOnlyForDeploymentPostprocessing = 0;
		};
/* End PBXCopyFilesBuildPhase section */

/* Begin PBXFileReference section */
		8A00D70B17D9ABDD003DC60C /* GBResizeFilter.h */ = {isa = PBXFileReference; fileEncoding = 4; lastKnownFileType = sourcecode.c.h; path = GBResizeFilter.h; sourceTree = "<group>"; };
		8A00D70C17D9ABDD003DC60C /* GBResizeFilter.m */ = {isa = PBXFileReference; fileEncoding = 4; lastKnownFileType = sourcecode.c.objc; path = GBResizeFilter.m; sourceTree = "<group>"; };
		8A00D71017D9ABF2003DC60C /* GBFancyCameraFilters.h */ = {isa = PBXFileReference; lastKnownFileType = sourcecode.c.h; path = GBFancyCameraFilters.h; sourceTree = "<group>"; };
		8A17BB0A18C72962008DFB48 /* TapToFocusView.h */ = {isa = PBXFileReference; fileEncoding = 4; lastKnownFileType = sourcecode.c.h; path = TapToFocusView.h; sourceTree = "<group>"; };
		8A17BB0B18C72962008DFB48 /* TapToFocusView.m */ = {isa = PBXFileReference; fileEncoding = 4; lastKnownFileType = sourcecode.c.objc; path = TapToFocusView.m; sourceTree = "<group>"; };
		8A20017F17CFAD1B0046E265 /* libGBFancyCamera.a */ = {isa = PBXFileReference; explicitFileType = archive.ar; includeInIndex = 0; path = libGBFancyCamera.a; sourceTree = BUILT_PRODUCTS_DIR; };
		8A20018217CFAD1B0046E265 /* Foundation.framework */ = {isa = PBXFileReference; lastKnownFileType = wrapper.framework; name = Foundation.framework; path = System/Library/Frameworks/Foundation.framework; sourceTree = SDKROOT; };
		8A20018617CFAD1C0046E265 /* GBFancyCamera-Prefix.pch */ = {isa = PBXFileReference; lastKnownFileType = sourcecode.c.h; path = "GBFancyCamera-Prefix.pch"; sourceTree = "<group>"; };
		8A20018717CFAD1C0046E265 /* GBFancyCamera.h */ = {isa = PBXFileReference; lastKnownFileType = sourcecode.c.h; path = GBFancyCamera.h; sourceTree = "<group>"; };
		8A20018917CFAD1C0046E265 /* GBFancyCamera.m */ = {isa = PBXFileReference; lastKnownFileType = sourcecode.c.objc; path = GBFancyCamera.m; sourceTree = "<group>"; };
		8A20019017CFAD5F0046E265 /* GPUImage.xcodeproj */ = {isa = PBXFileReference; lastKnownFileType = "wrapper.pb-project"; name = GPUImage.xcodeproj; path = "../../../Open Source/GPUImage/framework/GPUImage.xcodeproj"; sourceTree = "<group>"; };
		8A2001F017CFB09B0046E265 /* CoreMedia.framework */ = {isa = PBXFileReference; lastKnownFileType = wrapper.framework; name = CoreMedia.framework; path = System/Library/Frameworks/CoreMedia.framework; sourceTree = SDKROOT; };
		8A2001F217CFB0A30046E265 /* CoreVideo.framework */ = {isa = PBXFileReference; lastKnownFileType = wrapper.framework; name = CoreVideo.framework; path = System/Library/Frameworks/CoreVideo.framework; sourceTree = SDKROOT; };
		8A2001F417CFB0A80046E265 /* OpenGLES.framework */ = {isa = PBXFileReference; lastKnownFileType = wrapper.framework; name = OpenGLES.framework; path = System/Library/Frameworks/OpenGLES.framework; sourceTree = SDKROOT; };
		8A2001F617CFB0B00046E265 /* AVFoundation.framework */ = {isa = PBXFileReference; lastKnownFileType = wrapper.framework; name = AVFoundation.framework; path = System/Library/Frameworks/AVFoundation.framework; sourceTree = SDKROOT; };
		8A2001F817CFB0B50046E265 /* QuartzCore.framework */ = {isa = PBXFileReference; lastKnownFileType = wrapper.framework; name = QuartzCore.framework; path = System/Library/Frameworks/QuartzCore.framework; sourceTree = SDKROOT; };
		8A4BDFAE17FB121A00089030 /* en */ = {isa = PBXFileReference; lastKnownFileType = text.plist.strings; name = en; path = en.lproj/GBFancyCameraLocalizations.strings; sourceTree = "<group>"; };
		8A4BDFB317FB123600089030 /* ru */ = {isa = PBXFileReference; lastKnownFileType = text.plist.strings; name = ru; path = ru.lproj/GBFancyCameraLocalizations.strings; sourceTree = "<group>"; };
		8A6E409D17DDECF900FA86B9 /* GBMotion.xcodeproj */ = {isa = PBXFileReference; lastKnownFileType = "wrapper.pb-project"; name = GBMotion.xcodeproj; path = ../../GBMotion/GBMotion.xcodeproj; sourceTree = "<group>"; };
		8A72428017D9DEED00071E46 /* GBFancyCameraFilterProtocol.h */ = {isa = PBXFileReference; lastKnownFileType = sourcecode.c.h; path = GBFancyCameraFilterProtocol.h; sourceTree = "<group>"; };
		8A72428317D9DFCA00071E46 /* GBMissEtikateFilter.h */ = {isa = PBXFileReference; fileEncoding = 4; lastKnownFileType = sourcecode.c.h; path = GBMissEtikateFilter.h; sourceTree = "<group>"; };
		8A72428417D9DFCA00071E46 /* GBMissEtikateFilter.m */ = {isa = PBXFileReference; fileEncoding = 4; lastKnownFileType = sourcecode.c.objc; path = GBMissEtikateFilter.m; sourceTree = "<group>"; };
		8A72428617D9E02500071E46 /* GBAmatorkaFilter.h */ = {isa = PBXFileReference; fileEncoding = 4; lastKnownFileType = sourcecode.c.h; path = GBAmatorkaFilter.h; sourceTree = "<group>"; };
		8A72428717D9E02500071E46 /* GBAmatorkaFilter.m */ = {isa = PBXFileReference; fileEncoding = 4; lastKnownFileType = sourcecode.c.objc; path = GBAmatorkaFilter.m; sourceTree = "<group>"; };
		8A7242F217D9FA2F00071E46 /* GBSepiaFilter.h */ = {isa = PBXFileReference; fileEncoding = 4; lastKnownFileType = sourcecode.c.h; path = GBSepiaFilter.h; sourceTree = "<group>"; };
		8A7242F317D9FA2F00071E46 /* GBSepiaFilter.m */ = {isa = PBXFileReference; fileEncoding = 4; lastKnownFileType = sourcecode.c.objc; path = GBSepiaFilter.m; sourceTree = "<group>"; };
		8A7242FA17DA002A00071E46 /* GBNoFilter.h */ = {isa = PBXFileReference; fileEncoding = 4; lastKnownFileType = sourcecode.c.h; path = GBNoFilter.h; sourceTree = "<group>"; };
		8A7242FB17DA002A00071E46 /* GBNoFilter.m */ = {isa = PBXFileReference; fileEncoding = 4; lastKnownFileType = sourcecode.c.objc; path = GBNoFilter.m; sourceTree = "<group>"; };
		8A72436317DA3F3C00071E46 /* UIImage+GBFancyCamera.h */ = {isa = PBXFileReference; fileEncoding = 4; lastKnownFileType = sourcecode.c.h; path = "UIImage+GBFancyCamera.h"; sourceTree = "<group>"; };
		8A72436417DA3F3D00071E46 /* UIImage+GBFancyCamera.m */ = {isa = PBXFileReference; fileEncoding = 4; lastKnownFileType = sourcecode.c.objc; path = "UIImage+GBFancyCamera.m"; sourceTree = "<group>"; };
		8AD1F8C5180E69FB00E1029C /* fancy-camera-bar-button-icon-camera-roll.png */ = {isa = PBXFileReference; lastKnownFileType = image.png; name = "fancy-camera-bar-button-icon-camera-roll.png"; path = "Resources/fancy-camera-bar-button-icon-camera-roll.png"; sourceTree = "<group>"; };
		8AD1F8C6180E69FB00E1029C /* fancy-camera-bar-button-icon-camera-roll@2x.png */ = {isa = PBXFileReference; lastKnownFileType = image.png; name = "fancy-camera-bar-button-icon-camera-roll@2x.png"; path = "Resources/fancy-camera-bar-button-icon-camera-roll@2x.png"; sourceTree = "<group>"; };
		8AD1F8C7180E69FB00E1029C /* fancy-camera-bar-button-icon-cancel.png */ = {isa = PBXFileReference; lastKnownFileType = image.png; name = "fancy-camera-bar-button-icon-cancel.png"; path = "Resources/fancy-camera-bar-button-icon-cancel.png"; sourceTree = "<group>"; };
		8AD1F8C8180E69FB00E1029C /* fancy-camera-bar-button-icon-cancel@2x.png */ = {isa = PBXFileReference; lastKnownFileType = image.png; name = "fancy-camera-bar-button-icon-cancel@2x.png"; path = "Resources/fancy-camera-bar-button-icon-cancel@2x.png"; sourceTree = "<group>"; };
		8AD1F8C9180E69FB00E1029C /* fancy-camera-bar-button-icon-retake.png */ = {isa = PBXFileReference; lastKnownFileType = image.png; name = "fancy-camera-bar-button-icon-retake.png"; path = "Resources/fancy-camera-bar-button-icon-retake.png"; sourceTree = "<group>"; };
		8AD1F8CA180E69FB00E1029C /* fancy-camera-bar-button-icon-retake@2x.png */ = {isa = PBXFileReference; lastKnownFileType = image.png; name = "fancy-camera-bar-button-icon-retake@2x.png"; path = "Resources/fancy-camera-bar-button-icon-retake@2x.png"; sourceTree = "<group>"; };
		8AD1F8CB180E69FB00E1029C /* fancy-camera-bar.png */ = {isa = PBXFileReference; lastKnownFileType = image.png; name = "fancy-camera-bar.png"; path = "Resources/fancy-camera-bar.png"; sourceTree = "<group>"; };
		8AD1F8CC180E69FB00E1029C /* fancy-camera-bar@2x.png */ = {isa = PBXFileReference; lastKnownFileType = image.png; name = "fancy-camera-bar@2x.png"; path = "Resources/fancy-camera-bar@2x.png"; sourceTree = "<group>"; };
		8AD1F8CD180E69FB00E1029C /* fancy-camera-filter-background-off.png */ = {isa = PBXFileReference; lastKnownFileType = image.png; name = "fancy-camera-filter-background-off.png"; path = "Resources/fancy-camera-filter-background-off.png"; sourceTree = "<group>"; };
		8AD1F8CE180E69FB00E1029C /* fancy-camera-filter-background-off@2x.png */ = {isa = PBXFileReference; lastKnownFileType = image.png; name = "fancy-camera-filter-background-off@2x.png"; path = "Resources/fancy-camera-filter-background-off@2x.png"; sourceTree = "<group>"; };
		8AD1F8CF180E69FB00E1029C /* fancy-camera-filter-background-on.png */ = {isa = PBXFileReference; lastKnownFileType = image.png; name = "fancy-camera-filter-background-on.png"; path = "Resources/fancy-camera-filter-background-on.png"; sourceTree = "<group>"; };
		8AD1F8D0180E69FB00E1029C /* fancy-camera-filter-background-on@2x.png */ = {isa = PBXFileReference; lastKnownFileType = image.png; name = "fancy-camera-filter-background-on@2x.png"; path = "Resources/fancy-camera-filter-background-on@2x.png"; sourceTree = "<group>"; };
		8AD1F8D1180E69FB00E1029C /* fancy-camera-mesh-bar.png */ = {isa = PBXFileReference; lastKnownFileType = image.png; name = "fancy-camera-mesh-bar.png"; path = "Resources/fancy-camera-mesh-bar.png"; sourceTree = "<group>"; };
		8AD1F8D2180E69FB00E1029C /* fancy-camera-mesh-bar@2x.png */ = {isa = PBXFileReference; lastKnownFileType = image.png; name = "fancy-camera-mesh-bar@2x.png"; path = "Resources/fancy-camera-mesh-bar@2x.png"; sourceTree = "<group>"; };
		8AD1F8D3180E69FB00E1029C /* fancy-camera-snap-button-icon-camera.png */ = {isa = PBXFileReference; lastKnownFileType = image.png; name = "fancy-camera-snap-button-icon-camera.png"; path = "Resources/fancy-camera-snap-button-icon-camera.png"; sourceTree = "<group>"; };
		8AD1F8D4180E69FB00E1029C /* fancy-camera-snap-button-icon-camera@2x.png */ = {isa = PBXFileReference; lastKnownFileType = image.png; name = "fancy-camera-snap-button-icon-camera@2x.png"; path = "Resources/fancy-camera-snap-button-icon-camera@2x.png"; sourceTree = "<group>"; };
		8AD1F8D5180E69FB00E1029C /* fancy-camera-snap-button-icon-tick.png */ = {isa = PBXFileReference; lastKnownFileType = image.png; name = "fancy-camera-snap-button-icon-tick.png"; path = "Resources/fancy-camera-snap-button-icon-tick.png"; sourceTree = "<group>"; };
		8AD1F8D6180E69FB00E1029C /* fancy-camera-snap-button-icon-tick@2x.png */ = {isa = PBXFileReference; lastKnownFileType = image.png; name = "fancy-camera-snap-button-icon-tick@2x.png"; path = "Resources/fancy-camera-snap-button-icon-tick@2x.png"; sourceTree = "<group>"; };
		8AD1F8D7180E69FB00E1029C /* fancy-camera-snap-button.png */ = {isa = PBXFileReference; lastKnownFileType = image.png; name = "fancy-camera-snap-button.png"; path = "Resources/fancy-camera-snap-button.png"; sourceTree = "<group>"; };
		8AD1F8D8180E69FB00E1029C /* fancy-camera-snap-button@2x.png */ = {isa = PBXFileReference; lastKnownFileType = image.png; name = "fancy-camera-snap-button@2x.png"; path = "Resources/fancy-camera-snap-button@2x.png"; sourceTree = "<group>"; };
		8AD1F8EF180E6A0B00E1029C /* lookup_amatorka.png */ = {isa = PBXFileReference; lastKnownFileType = image.png; name = lookup_amatorka.png; path = Resources/lookup_amatorka.png; sourceTree = "<group>"; };
		8AD1F8F0180E6A0B00E1029C /* lookup_miss_etikate.png */ = {isa = PBXFileReference; lastKnownFileType = image.png; name = lookup_miss_etikate.png; path = Resources/lookup_miss_etikate.png; sourceTree = "<group>"; };
		8AD1F8F1180E6A0B00E1029C /* lookup_soft_elegance_1.png */ = {isa = PBXFileReference; lastKnownFileType = image.png; name = lookup_soft_elegance_1.png; path = Resources/lookup_soft_elegance_1.png; sourceTree = "<group>"; };
		8AD1F8F2180E6A0B00E1029C /* lookup_soft_elegance_2.png */ = {isa = PBXFileReference; lastKnownFileType = image.png; name = lookup_soft_elegance_2.png; path = Resources/lookup_soft_elegance_2.png; sourceTree = "<group>"; };
		8AF5ECE918C644D2003ED2CF /* de */ = {isa = PBXFileReference; lastKnownFileType = text.plist.strings; name = de; path = de.lproj/GBFancyCameraLocalizations.strings; sourceTree = "<group>"; };
		8AF5ECEA18C644D2003ED2CF /* de */ = {isa = PBXFileReference; lastKnownFileType = text.plist.strings; name = de; path = de.lproj/InfoPlist.strings; sourceTree = "<group>"; };
		8AF64F4617DC7CF400E6134F /* MobileCoreServices.framework */ = {isa = PBXFileReference; lastKnownFileType = wrapper.framework; name = MobileCoreServices.framework; path = System/Library/Frameworks/MobileCoreServices.framework; sourceTree = SDKROOT; };
		8AF64F7C17DCAAEB00E6134F /* GBFancyCameraResources.bundle */ = {isa = PBXFileReference; explicitFileType = wrapper.cfbundle; includeInIndex = 0; name = GBFancyCameraResources.bundle; path = GBFancyCameraResources2.bundle; sourceTree = BUILT_PRODUCTS_DIR; };
		8AF64F7D17DCAAEB00E6134F /* CoreFoundation.framework */ = {isa = PBXFileReference; lastKnownFileType = wrapper.framework; name = CoreFoundation.framework; path = System/Library/Frameworks/CoreFoundation.framework; sourceTree = SDKROOT; };
		8AF64F8117DCAAEB00E6134F /* GBFancyCameraResources-Info.plist */ = {isa = PBXFileReference; lastKnownFileType = text.plist.xml; path = "GBFancyCameraResources-Info.plist"; sourceTree = "<group>"; };
		8AF64F8317DCAAEB00E6134F /* en */ = {isa = PBXFileReference; lastKnownFileType = text.plist.strings; name = en; path = en.lproj/InfoPlist.strings; sourceTree = "<group>"; };
		8AF64F8517DCAAEB00E6134F /* GBFancyCameraResources-Prefix.pch */ = {isa = PBXFileReference; lastKnownFileType = sourcecode.c.h; path = "GBFancyCameraResources-Prefix.pch"; sourceTree = "<group>"; };
		8AF650F817DCB56E00E6134F /* GBSoftEleganceFilter.h */ = {isa = PBXFileReference; fileEncoding = 4; lastKnownFileType = sourcecode.c.h; path = GBSoftEleganceFilter.h; sourceTree = "<group>"; };
		8AF650F917DCB56E00E6134F /* GBSoftEleganceFilter.m */ = {isa = PBXFileReference; fileEncoding = 4; lastKnownFileType = sourcecode.c.objc; path = GBSoftEleganceFilter.m; sourceTree = "<group>"; };
/* End PBXFileReference section */

/* Begin PBXFrameworksBuildPhase section */
		8A20017C17CFAD1B0046E265 /* Frameworks */ = {
			isa = PBXFrameworksBuildPhase;
			buildActionMask = 2147483647;
			files = (
				8AF64F4717DC7CF400E6134F /* MobileCoreServices.framework in Frameworks */,
				8A2001F917CFB0B50046E265 /* QuartzCore.framework in Frameworks */,
				8A2001F717CFB0B00046E265 /* AVFoundation.framework in Frameworks */,
				8A2001F517CFB0A80046E265 /* OpenGLES.framework in Frameworks */,
				8A2001F317CFB0A30046E265 /* CoreVideo.framework in Frameworks */,
				8A2001F117CFB09B0046E265 /* CoreMedia.framework in Frameworks */,
				8A20018317CFAD1C0046E265 /* Foundation.framework in Frameworks */,
			);
			runOnlyForDeploymentPostprocessing = 0;
		};
		8AF64F7917DCAAEB00E6134F /* Frameworks */ = {
			isa = PBXFrameworksBuildPhase;
			buildActionMask = 2147483647;
			files = (
				8AF64F7E17DCAAEB00E6134F /* CoreFoundation.framework in Frameworks */,
			);
			runOnlyForDeploymentPostprocessing = 0;
		};
/* End PBXFrameworksBuildPhase section */

/* Begin PBXGroup section */
		8A20017617CFAD1B0046E265 = {
			isa = PBXGroup;
			children = (
				8A20018417CFAD1C0046E265 /* GBFancyCamera */,
				8AF64F7F17DCAAEB00E6134F /* GBFancyCameraResources */,
				8A20018117CFAD1B0046E265 /* Frameworks */,
				8A20018017CFAD1B0046E265 /* Products */,
			);
			sourceTree = "<group>";
		};
		8A20018017CFAD1B0046E265 /* Products */ = {
			isa = PBXGroup;
			children = (
				8A20017F17CFAD1B0046E265 /* libGBFancyCamera.a */,
				8AF64F7C17DCAAEB00E6134F /* GBFancyCameraResources.bundle */,
			);
			name = Products;
			sourceTree = "<group>";
		};
		8A20018117CFAD1B0046E265 /* Frameworks */ = {
			isa = PBXGroup;
			children = (
				8AF64F4617DC7CF400E6134F /* MobileCoreServices.framework */,
				8A2001F817CFB0B50046E265 /* QuartzCore.framework */,
				8A2001F617CFB0B00046E265 /* AVFoundation.framework */,
				8A2001F417CFB0A80046E265 /* OpenGLES.framework */,
				8A2001F217CFB0A30046E265 /* CoreVideo.framework */,
				8A2001F017CFB09B0046E265 /* CoreMedia.framework */,
				8A20018217CFAD1B0046E265 /* Foundation.framework */,
				8AF64F7D17DCAAEB00E6134F /* CoreFoundation.framework */,
			);
			name = Frameworks;
			sourceTree = "<group>";
		};
		8A20018417CFAD1C0046E265 /* GBFancyCamera */ = {
			isa = PBXGroup;
			children = (
				8A20019A17CFAD6A0046E265 /* Libraries */,
				8A20019B17CFAD710046E265 /* Code */,
				8AF64F5F17DCAA5F00E6134F /* Resources */,
				8A20018517CFAD1C0046E265 /* Supporting Files */,
			);
			path = GBFancyCamera;
			sourceTree = "<group>";
		};
		8A20018517CFAD1C0046E265 /* Supporting Files */ = {
			isa = PBXGroup;
			children = (
				8A20018617CFAD1C0046E265 /* GBFancyCamera-Prefix.pch */,
			);
			name = "Supporting Files";
			sourceTree = "<group>";
		};
		8A20019117CFAD5F0046E265 /* Products */ = {
			isa = PBXGroup;
			children = (
				8A20019717CFAD5F0046E265 /* libGPUImage.a */,
				8A20019917CFAD5F0046E265 /* GPUImageTests.octest */,
			);
			name = Products;
			sourceTree = "<group>";
		};
		8A20019A17CFAD6A0046E265 /* Libraries */ = {
			isa = PBXGroup;
			children = (
				8A6E409D17DDECF900FA86B9 /* GBMotion.xcodeproj */,
				8A20019017CFAD5F0046E265 /* GPUImage.xcodeproj */,
			);
			name = Libraries;
			sourceTree = "<group>";
		};
		8A20019B17CFAD710046E265 /* Code */ = {
			isa = PBXGroup;
			children = (
				8A20018717CFAD1C0046E265 /* GBFancyCamera.h */,
				8A20018917CFAD1C0046E265 /* GBFancyCamera.m */,
				8A72428017D9DEED00071E46 /* GBFancyCameraFilterProtocol.h */,
				8A00D71017D9ABF2003DC60C /* GBFancyCameraFilters.h */,
				8A17BB0A18C72962008DFB48 /* TapToFocusView.h */,
				8A17BB0B18C72962008DFB48 /* TapToFocusView.m */,
				8A72436317DA3F3C00071E46 /* UIImage+GBFancyCamera.h */,
				8A72436417DA3F3D00071E46 /* UIImage+GBFancyCamera.m */,
				8AF650FB17DCB5A500E6134F /* Filters */,
			);
			name = Code;
			sourceTree = "<group>";
		};
		8A6E409E17DDECF900FA86B9 /* Products */ = {
			isa = PBXGroup;
			children = (
				8A6E40A217DDECF900FA86B9 /* libGBMotion.a */,
			);
			name = Products;
			sourceTree = "<group>";
		};
		8AF64F5F17DCAA5F00E6134F /* Resources */ = {
			isa = PBXGroup;
			children = (
				8AF6510417DCBADF00E6134F /* Strings */,
				8AF64F6317DCAAAD00E6134F /* UI */,
				8AF64F6217DCAAA800E6134F /* Filters */,
			);
			name = Resources;
			sourceTree = "<group>";
		};
		8AF64F6217DCAAA800E6134F /* Filters */ = {
			isa = PBXGroup;
			children = (
				8AD1F8EF180E6A0B00E1029C /* lookup_amatorka.png */,
				8AD1F8F0180E6A0B00E1029C /* lookup_miss_etikate.png */,
				8AD1F8F1180E6A0B00E1029C /* lookup_soft_elegance_1.png */,
				8AD1F8F2180E6A0B00E1029C /* lookup_soft_elegance_2.png */,
			);
			name = Filters;
			sourceTree = "<group>";
		};
		8AF64F6317DCAAAD00E6134F /* UI */ = {
			isa = PBXGroup;
			children = (
				8AD1F8C5180E69FB00E1029C /* fancy-camera-bar-button-icon-camera-roll.png */,
				8AD1F8C6180E69FB00E1029C /* fancy-camera-bar-button-icon-camera-roll@2x.png */,
				8AD1F8C7180E69FB00E1029C /* fancy-camera-bar-button-icon-cancel.png */,
				8AD1F8C8180E69FB00E1029C /* fancy-camera-bar-button-icon-cancel@2x.png */,
				8AD1F8C9180E69FB00E1029C /* fancy-camera-bar-button-icon-retake.png */,
				8AD1F8CA180E69FB00E1029C /* fancy-camera-bar-button-icon-retake@2x.png */,
				8AD1F8CB180E69FB00E1029C /* fancy-camera-bar.png */,
				8AD1F8CC180E69FB00E1029C /* fancy-camera-bar@2x.png */,
				8AD1F8CD180E69FB00E1029C /* fancy-camera-filter-background-off.png */,
				8AD1F8CE180E69FB00E1029C /* fancy-camera-filter-background-off@2x.png */,
				8AD1F8CF180E69FB00E1029C /* fancy-camera-filter-background-on.png */,
				8AD1F8D0180E69FB00E1029C /* fancy-camera-filter-background-on@2x.png */,
				8AD1F8D1180E69FB00E1029C /* fancy-camera-mesh-bar.png */,
				8AD1F8D2180E69FB00E1029C /* fancy-camera-mesh-bar@2x.png */,
				8AD1F8D3180E69FB00E1029C /* fancy-camera-snap-button-icon-camera.png */,
				8AD1F8D4180E69FB00E1029C /* fancy-camera-snap-button-icon-camera@2x.png */,
				8AD1F8D5180E69FB00E1029C /* fancy-camera-snap-button-icon-tick.png */,
				8AD1F8D6180E69FB00E1029C /* fancy-camera-snap-button-icon-tick@2x.png */,
				8AD1F8D7180E69FB00E1029C /* fancy-camera-snap-button.png */,
				8AD1F8D8180E69FB00E1029C /* fancy-camera-snap-button@2x.png */,
			);
			name = UI;
			sourceTree = "<group>";
		};
		8AF64F7F17DCAAEB00E6134F /* GBFancyCameraResources */ = {
			isa = PBXGroup;
			children = (
				8AF64F8017DCAAEB00E6134F /* Supporting Files */,
			);
			path = GBFancyCameraResources;
			sourceTree = "<group>";
		};
		8AF64F8017DCAAEB00E6134F /* Supporting Files */ = {
			isa = PBXGroup;
			children = (
				8AF64F8117DCAAEB00E6134F /* GBFancyCameraResources-Info.plist */,
				8AF64F8217DCAAEB00E6134F /* InfoPlist.strings */,
				8AF64F8517DCAAEB00E6134F /* GBFancyCameraResources-Prefix.pch */,
			);
			name = "Supporting Files";
			sourceTree = "<group>";
		};
		8AF650FB17DCB5A500E6134F /* Filters */ = {
			isa = PBXGroup;
			children = (
				8A00D70B17D9ABDD003DC60C /* GBResizeFilter.h */,
				8A00D70C17D9ABDD003DC60C /* GBResizeFilter.m */,
				8A72428317D9DFCA00071E46 /* GBMissEtikateFilter.h */,
				8A72428417D9DFCA00071E46 /* GBMissEtikateFilter.m */,
				8A72428617D9E02500071E46 /* GBAmatorkaFilter.h */,
				8A72428717D9E02500071E46 /* GBAmatorkaFilter.m */,
				8A7242F217D9FA2F00071E46 /* GBSepiaFilter.h */,
				8A7242F317D9FA2F00071E46 /* GBSepiaFilter.m */,
				8AF650F817DCB56E00E6134F /* GBSoftEleganceFilter.h */,
				8AF650F917DCB56E00E6134F /* GBSoftEleganceFilter.m */,
				8A7242FA17DA002A00071E46 /* GBNoFilter.h */,
				8A7242FB17DA002A00071E46 /* GBNoFilter.m */,
			);
			name = Filters;
			sourceTree = "<group>";
		};
		8AF6510417DCBADF00E6134F /* Strings */ = {
			isa = PBXGroup;
			children = (
				8A4BDFAF17FB121A00089030 /* GBFancyCameraLocalizations.strings */,
			);
			name = Strings;
			sourceTree = "<group>";
		};
/* End PBXGroup section */

/* Begin PBXHeadersBuildPhase section */
		8A7EBEC817DF89C10014F8D5 /* Headers */ = {
			isa = PBXHeadersBuildPhase;
			buildActionMask = 2147483647;
			files = (
				8A17BB0C18C72962008DFB48 /* TapToFocusView.h in Headers */,
			);
			runOnlyForDeploymentPostprocessing = 0;
		};
/* End PBXHeadersBuildPhase section */

/* Begin PBXNativeTarget section */
		8A20017E17CFAD1B0046E265 /* GBFancyCamera */ = {
			isa = PBXNativeTarget;
			buildConfigurationList = 8A20018D17CFAD1C0046E265 /* Build configuration list for PBXNativeTarget "GBFancyCamera" */;
			buildPhases = (
				8A20017B17CFAD1B0046E265 /* Sources */,
				8A20017C17CFAD1B0046E265 /* Frameworks */,
				8A20017D17CFAD1B0046E265 /* CopyFiles */,
				8A7EBEC817DF89C10014F8D5 /* Headers */,
			);
			buildRules = (
			);
			dependencies = (
				8A23F361180D413F00378A99 /* PBXTargetDependency */,
				8A20019D17CFAD7E0046E265 /* PBXTargetDependency */,
			);
			name = GBFancyCamera;
			productName = GBFancyCamera;
			productReference = 8A20017F17CFAD1B0046E265 /* libGBFancyCamera.a */;
			productType = "com.apple.product-type.library.static";
		};
		8AF64F7B17DCAAEB00E6134F /* GBFancyCameraResources2 */ = {
			isa = PBXNativeTarget;
			buildConfigurationList = 8AF64F8617DCAAEB00E6134F /* Build configuration list for PBXNativeTarget "GBFancyCameraResources2" */;
			buildPhases = (
				8AF64F7817DCAAEB00E6134F /* Sources */,
				8AF64F7917DCAAEB00E6134F /* Frameworks */,
				8AF64F7A17DCAAEB00E6134F /* Resources */,
			);
			buildRules = (
			);
			dependencies = (
			);
			name = GBFancyCameraResources2;
			productName = GBFancyCameraResources;
			productReference = 8AF64F7C17DCAAEB00E6134F /* GBFancyCameraResources.bundle */;
			productType = "com.apple.product-type.bundle";
		};
/* End PBXNativeTarget section */

/* Begin PBXProject section */
		8A20017717CFAD1B0046E265 /* Project object */ = {
			isa = PBXProject;
			attributes = {
				LastUpgradeCheck = 0460;
				ORGANIZATIONNAME = Goonbee;
			};
			buildConfigurationList = 8A20017A17CFAD1B0046E265 /* Build configuration list for PBXProject "GBFancyCamera" */;
			compatibilityVersion = "Xcode 3.2";
			developmentRegion = English;
			hasScannedForEncodings = 0;
			knownRegions = (
				en,
				ru,
				de,
			);
			mainGroup = 8A20017617CFAD1B0046E265;
			productRefGroup = 8A20018017CFAD1B0046E265 /* Products */;
			projectDirPath = "";
			projectReferences = (
				{
					ProductGroup = 8A6E409E17DDECF900FA86B9 /* Products */;
					ProjectRef = 8A6E409D17DDECF900FA86B9 /* GBMotion.xcodeproj */;
				},
				{
					ProductGroup = 8A20019117CFAD5F0046E265 /* Products */;
					ProjectRef = 8A20019017CFAD5F0046E265 /* GPUImage.xcodeproj */;
				},
			);
			projectRoot = "";
			targets = (
				8A20017E17CFAD1B0046E265 /* GBFancyCamera */,
				8AF64F7B17DCAAEB00E6134F /* GBFancyCameraResources2 */,
			);
		};
/* End PBXProject section */

/* Begin PBXReferenceProxy section */
		8A20019717CFAD5F0046E265 /* libGPUImage.a */ = {
			isa = PBXReferenceProxy;
			fileType = archive.ar;
			path = libGPUImage.a;
			remoteRef = 8A20019617CFAD5F0046E265 /* PBXContainerItemProxy */;
			sourceTree = BUILT_PRODUCTS_DIR;
		};
		8A20019917CFAD5F0046E265 /* GPUImageTests.octest */ = {
			isa = PBXReferenceProxy;
			fileType = wrapper.cfbundle;
			path = GPUImageTests.octest;
			remoteRef = 8A20019817CFAD5F0046E265 /* PBXContainerItemProxy */;
			sourceTree = BUILT_PRODUCTS_DIR;
		};
		8A6E40A217DDECF900FA86B9 /* libGBMotion.a */ = {
			isa = PBXReferenceProxy;
			fileType = archive.ar;
			path = libGBMotion.a;
			remoteRef = 8A6E40A117DDECF900FA86B9 /* PBXContainerItemProxy */;
			sourceTree = BUILT_PRODUCTS_DIR;
		};
/* End PBXReferenceProxy section */

/* Begin PBXResourcesBuildPhase section */
		8AF64F7A17DCAAEB00E6134F /* Resources */ = {
			isa = PBXResourcesBuildPhase;
			buildActionMask = 2147483647;
			files = (
				8AD1F8E6180E69FB00E1029C /* fancy-camera-mesh-bar@2x.png in Resources */,
				8AD1F8DF180E69FB00E1029C /* fancy-camera-bar.png in Resources */,
				8AD1F8E7180E69FB00E1029C /* fancy-camera-snap-button-icon-camera.png in Resources */,
				8AD1F8EC180E69FB00E1029C /* fancy-camera-snap-button@2x.png in Resources */,
				8AD1F8DE180E69FB00E1029C /* fancy-camera-bar-button-icon-retake@2x.png in Resources */,
				8AD1F8E8180E69FB00E1029C /* fancy-camera-snap-button-icon-camera@2x.png in Resources */,
				8AD1F8F4180E6A0B00E1029C /* lookup_miss_etikate.png in Resources */,
				8AD1F8F6180E6A0B00E1029C /* lookup_soft_elegance_2.png in Resources */,
				8AD1F8EB180E69FB00E1029C /* fancy-camera-snap-button.png in Resources */,
				8AD1F8D9180E69FB00E1029C /* fancy-camera-bar-button-icon-camera-roll.png in Resources */,
				8AD1F8E2180E69FB00E1029C /* fancy-camera-filter-background-off@2x.png in Resources */,
				8AD1F8E0180E69FB00E1029C /* fancy-camera-bar@2x.png in Resources */,
				8AD1F8DC180E69FB00E1029C /* fancy-camera-bar-button-icon-cancel@2x.png in Resources */,
				8AD1F8E3180E69FB00E1029C /* fancy-camera-filter-background-on.png in Resources */,
				8AD1F8DD180E69FB00E1029C /* fancy-camera-bar-button-icon-retake.png in Resources */,
				8AD1F8E9180E69FB00E1029C /* fancy-camera-snap-button-icon-tick.png in Resources */,
				8AD1F8E4180E69FB00E1029C /* fancy-camera-filter-background-on@2x.png in Resources */,
				8AD1F8E1180E69FB00E1029C /* fancy-camera-filter-background-off.png in Resources */,
				8AD1F8DB180E69FB00E1029C /* fancy-camera-bar-button-icon-cancel.png in Resources */,
				8AD1F8E5180E69FB00E1029C /* fancy-camera-mesh-bar.png in Resources */,
				8AD1F8EA180E69FB00E1029C /* fancy-camera-snap-button-icon-tick@2x.png in Resources */,
				8AD1F8DA180E69FB00E1029C /* fancy-camera-bar-button-icon-camera-roll@2x.png in Resources */,
				8AD1F8F5180E6A0B00E1029C /* lookup_soft_elegance_1.png in Resources */,
				8A4BDFAD17FB121A00089030 /* GBFancyCameraLocalizations.strings in Resources */,
				8AD1F8F3180E6A0B00E1029C /* lookup_amatorka.png in Resources */,
			);
			runOnlyForDeploymentPostprocessing = 0;
		};
/* End PBXResourcesBuildPhase section */

/* Begin PBXSourcesBuildPhase section */
		8A20017B17CFAD1B0046E265 /* Sources */ = {
			isa = PBXSourcesBuildPhase;
			buildActionMask = 2147483647;
			files = (
				8A20018A17CFAD1C0046E265 /* GBFancyCamera.m in Sources */,
				8A17BB0D18C72962008DFB48 /* TapToFocusView.m in Sources */,
				8A00D70D17D9ABDD003DC60C /* GBResizeFilter.m in Sources */,
				8A72428517D9DFCA00071E46 /* GBMissEtikateFilter.m in Sources */,
				8A72428817D9E02500071E46 /* GBAmatorkaFilter.m in Sources */,
				8A7242F417D9FA2F00071E46 /* GBSepiaFilter.m in Sources */,
				8A7242FC17DA002A00071E46 /* GBNoFilter.m in Sources */,
				8A72436517DA3F3D00071E46 /* UIImage+GBFancyCamera.m in Sources */,
				8AF650FA17DCB56F00E6134F /* GBSoftEleganceFilter.m in Sources */,
			);
			runOnlyForDeploymentPostprocessing = 0;
		};
		8AF64F7817DCAAEB00E6134F /* Sources */ = {
			isa = PBXSourcesBuildPhase;
			buildActionMask = 2147483647;
			files = (
			);
			runOnlyForDeploymentPostprocessing = 0;
		};
/* End PBXSourcesBuildPhase section */

/* Begin PBXTargetDependency section */
		8A20019D17CFAD7E0046E265 /* PBXTargetDependency */ = {
			isa = PBXTargetDependency;
			name = GPUImage;
			targetProxy = 8A20019C17CFAD7E0046E265 /* PBXContainerItemProxy */;
		};
		8A23F361180D413F00378A99 /* PBXTargetDependency */ = {
			isa = PBXTargetDependency;
			name = GBMotion;
			targetProxy = 8A23F360180D413F00378A99 /* PBXContainerItemProxy */;
		};
/* End PBXTargetDependency section */

/* Begin PBXVariantGroup section */
		8A4BDFAF17FB121A00089030 /* GBFancyCameraLocalizations.strings */ = {
			isa = PBXVariantGroup;
			children = (
				8A4BDFAE17FB121A00089030 /* en */,
				8A4BDFB317FB123600089030 /* ru */,
				8AF5ECE918C644D2003ED2CF /* de */,
			);
			name = GBFancyCameraLocalizations.strings;
			sourceTree = "<group>";
		};
		8AF64F8217DCAAEB00E6134F /* InfoPlist.strings */ = {
			isa = PBXVariantGroup;
			children = (
				8AF64F8317DCAAEB00E6134F /* en */,
				8AF5ECEA18C644D2003ED2CF /* de */,
			);
			name = InfoPlist.strings;
			sourceTree = "<group>";
		};
/* End PBXVariantGroup section */

/* Begin XCBuildConfiguration section */
		8A20018B17CFAD1C0046E265 /* Debug */ = {
			isa = XCBuildConfiguration;
			buildSettings = {
				ALWAYS_SEARCH_USER_PATHS = NO;
				CLANG_CXX_LANGUAGE_STANDARD = "gnu++0x";
				CLANG_CXX_LIBRARY = "libc++";
				CLANG_ENABLE_OBJC_ARC = YES;
				CLANG_WARN_CONSTANT_CONVERSION = YES;
				CLANG_WARN_EMPTY_BODY = YES;
				CLANG_WARN_ENUM_CONVERSION = YES;
				CLANG_WARN_INT_CONVERSION = YES;
				CLANG_WARN__DUPLICATE_METHOD_MATCH = YES;
				COPY_PHASE_STRIP = NO;
				GCC_C_LANGUAGE_STANDARD = gnu99;
				GCC_DYNAMIC_NO_PIC = NO;
				GCC_OPTIMIZATION_LEVEL = 0;
				GCC_PREPROCESSOR_DEFINITIONS = (
					"DEBUG=1",
					"$(inherited)",
				);
				GCC_SYMBOLS_PRIVATE_EXTERN = NO;
				GCC_WARN_ABOUT_RETURN_TYPE = YES;
				GCC_WARN_UNINITIALIZED_AUTOS = YES;
				GCC_WARN_UNUSED_VARIABLE = YES;
				HEADER_SEARCH_PATHS = (
					"../../Open\\ Source/**",
					"../**",
				);
				IPHONEOS_DEPLOYMENT_TARGET = 5.0;
				ONLY_ACTIVE_ARCH = YES;
				SDKROOT = iphoneos;
				SKIP_INSTALL = YES;
			};
			name = Debug;
		};
		8A20018C17CFAD1C0046E265 /* Release */ = {
			isa = XCBuildConfiguration;
			buildSettings = {
				ALWAYS_SEARCH_USER_PATHS = NO;
				CLANG_CXX_LANGUAGE_STANDARD = "gnu++0x";
				CLANG_CXX_LIBRARY = "libc++";
				CLANG_ENABLE_OBJC_ARC = YES;
				CLANG_WARN_CONSTANT_CONVERSION = YES;
				CLANG_WARN_EMPTY_BODY = YES;
				CLANG_WARN_ENUM_CONVERSION = YES;
				CLANG_WARN_INT_CONVERSION = YES;
				CLANG_WARN__DUPLICATE_METHOD_MATCH = YES;
				COPY_PHASE_STRIP = YES;
				GCC_C_LANGUAGE_STANDARD = gnu99;
				GCC_WARN_ABOUT_RETURN_TYPE = YES;
				GCC_WARN_UNINITIALIZED_AUTOS = YES;
				GCC_WARN_UNUSED_VARIABLE = YES;
				HEADER_SEARCH_PATHS = (
					"../../Open\\ Source/**",
					"../**",
				);
				IPHONEOS_DEPLOYMENT_TARGET = 5.0;
				SDKROOT = iphoneos;
				SKIP_INSTALL = YES;
				VALIDATE_PRODUCT = YES;
			};
			name = Release;
		};
		8A20018E17CFAD1C0046E265 /* Debug */ = {
			isa = XCBuildConfiguration;
			buildSettings = {
				DSTROOT = /tmp/GBFancyCamera.dst;
				GCC_PRECOMPILE_PREFIX_HEADER = YES;
				GCC_PREFIX_HEADER = "GBFancyCamera/GBFancyCamera-Prefix.pch";
				OTHER_LDFLAGS = "-ObjC";
				PRODUCT_NAME = "$(TARGET_NAME)";
				SKIP_INSTALL = YES;
			};
			name = Debug;
		};
		8A20018F17CFAD1C0046E265 /* Release */ = {
			isa = XCBuildConfiguration;
			buildSettings = {
				DSTROOT = /tmp/GBFancyCamera.dst;
				GCC_PRECOMPILE_PREFIX_HEADER = YES;
				GCC_PREFIX_HEADER = "GBFancyCamera/GBFancyCamera-Prefix.pch";
				OTHER_LDFLAGS = "-ObjC";
				PRODUCT_NAME = "$(TARGET_NAME)";
				SKIP_INSTALL = YES;
			};
			name = Release;
		};
		8AF64F8717DCAAEB00E6134F /* Debug */ = {
			isa = XCBuildConfiguration;
			buildSettings = {
				COMBINE_HIDPI_IMAGES = NO;
				GCC_ENABLE_OBJC_EXCEPTIONS = YES;
				GCC_PRECOMPILE_PREFIX_HEADER = YES;
				GCC_PREFIX_HEADER = "GBFancyCameraResources/GBFancyCameraResources-Prefix.pch";
				GCC_WARN_64_TO_32_BIT_CONVERSION = YES;
				INFOPLIST_FILE = "GBFancyCameraResources/GBFancyCameraResources-Info.plist";
				INSTALL_PATH = "$(LOCAL_LIBRARY_DIR)/Bundles";
				MACOSX_DEPLOYMENT_TARGET = 10.8;
				ONLY_ACTIVE_ARCH = NO;
				PRODUCT_NAME = "$(TARGET_NAME)";
				WRAPPER_EXTENSION = bundle;
			};
			name = Debug;
		};
		8AF64F8817DCAAEB00E6134F /* Release */ = {
			isa = XCBuildConfiguration;
			buildSettings = {
				COMBINE_HIDPI_IMAGES = NO;
				DEBUG_INFORMATION_FORMAT = "dwarf-with-dsym";
				GCC_ENABLE_OBJC_EXCEPTIONS = YES;
				GCC_PRECOMPILE_PREFIX_HEADER = YES;
				GCC_PREFIX_HEADER = "GBFancyCameraResources/GBFancyCameraResources-Prefix.pch";
				GCC_WARN_64_TO_32_BIT_CONVERSION = YES;
				INFOPLIST_FILE = "GBFancyCameraResources/GBFancyCameraResources-Info.plist";
				INSTALL_PATH = "$(LOCAL_LIBRARY_DIR)/Bundles";
				MACOSX_DEPLOYMENT_TARGET = 10.8;
				ONLY_ACTIVE_ARCH = NO;
				PRODUCT_NAME = "$(TARGET_NAME)";
				WRAPPER_EXTENSION = bundle;
			};
			name = Release;
		};
/* End XCBuildConfiguration section */

/* Begin XCConfigurationList section */
		8A20017A17CFAD1B0046E265 /* Build configuration list for PBXProject "GBFancyCamera" */ = {
			isa = XCConfigurationList;
			buildConfigurations = (
				8A20018B17CFAD1C0046E265 /* Debug */,
				8A20018C17CFAD1C0046E265 /* Release */,
			);
			defaultConfigurationIsVisible = 0;
			defaultConfigurationName = Release;
		};
		8A20018D17CFAD1C0046E265 /* Build configuration list for PBXNativeTarget "GBFancyCamera" */ = {
			isa = XCConfigurationList;
			buildConfigurations = (
				8A20018E17CFAD1C0046E265 /* Debug */,
				8A20018F17CFAD1C0046E265 /* Release */,
			);
			defaultConfigurationIsVisible = 0;
			defaultConfigurationName = Release;
		};
		8AF64F8617DCAAEB00E6134F /* Build configuration list for PBXNativeTarget "GBFancyCameraResources2" */ = {
			isa = XCConfigurationList;
			buildConfigurations = (
				8AF64F8717DCAAEB00E6134F /* Debug */,
				8AF64F8817DCAAEB00E6134F /* Release */,
			);
			defaultConfigurationIsVisible = 0;
			defaultConfigurationName = Release;
		};
/* End XCConfigurationList section */
	};
	rootObject = 8A20017717CFAD1B0046E265 /* Project object */;
}
